
Microsoft Visual Studio Solution File, Format Version 12.00
# Visual Studio Version 17
VisualStudioVersion = 17.3.32804.467
MinimumVisualStudioVersion = 10.0.40219.1
Project("{9A19103F-16F7-4668-BE54-9A1E7A4F7556}") = "CommunityManager", "CommunityManager.csproj", "{C6E4C5C3-459E-44D0-9205-4BD30D58B7CB}"
EndProject
Project("{9A19103F-16F7-4668-BE54-9A1E7A4F7556}") = "CommunityManager.Core", "..\CommunityManager.Core\CommunityManager.Core.csproj", "{6066A913-033E-45DB-95AE-ED57F8689E9B}"
EndProject
Project("{9A19103F-16F7-4668-BE54-9A1E7A4F7556}") = "CommunityManager.Infrastructure", "..\CommunityManager.Infrastructure\CommunityManager.Infrastructure.csproj", "{F991C3B2-F99F-4E6C-A785-8AD3C10DA030}"
EndProject
Project("{FAE04EC0-301F-11D3-BF4B-00C04F79EFBC}") = "CommunityManager.UnitTests", "..\CommunityManager.UnitTests\CommunityManager.UnitTests.csproj", "{824368DC-FE3C-4618-9FEA-B1B7F2281C32}"
	ProjectSection(ProjectDependencies) = postProject
		{6066A913-033E-45DB-95AE-ED57F8689E9B} = {6066A913-033E-45DB-95AE-ED57F8689E9B}
	EndProjectSection
EndProject
Global
	GlobalSection(SolutionConfigurationPlatforms) = preSolution
		Debug|Any CPU = Debug|Any CPU
		Release|Any CPU = Release|Any CPU
	EndGlobalSection
	GlobalSection(ProjectConfigurationPlatforms) = postSolution
		{C6E4C5C3-459E-44D0-9205-4BD30D58B7CB}.Debug|Any CPU.ActiveCfg = Debug|Any CPU
		{C6E4C5C3-459E-44D0-9205-4BD30D58B7CB}.Debug|Any CPU.Build.0 = Debug|Any CPU
		{C6E4C5C3-459E-44D0-9205-4BD30D58B7CB}.Release|Any CPU.ActiveCfg = Release|Any CPU
		{C6E4C5C3-459E-44D0-9205-4BD30D58B7CB}.Release|Any CPU.Build.0 = Release|Any CPU
		{6066A913-033E-45DB-95AE-ED57F8689E9B}.Debug|Any CPU.ActiveCfg = Debug|Any CPU
		{6066A913-033E-45DB-95AE-ED57F8689E9B}.Debug|Any CPU.Build.0 = Debug|Any CPU
		{6066A913-033E-45DB-95AE-ED57F8689E9B}.Release|Any CPU.ActiveCfg = Release|Any CPU
		{6066A913-033E-45DB-95AE-ED57F8689E9B}.Release|Any CPU.Build.0 = Release|Any CPU
		{F991C3B2-F99F-4E6C-A785-8AD3C10DA030}.Debug|Any CPU.ActiveCfg = Debug|Any CPU
		{F991C3B2-F99F-4E6C-A785-8AD3C10DA030}.Debug|Any CPU.Build.0 = Debug|Any CPU
		{F991C3B2-F99F-4E6C-A785-8AD3C10DA030}.Release|Any CPU.ActiveCfg = Release|Any CPU
		{F991C3B2-F99F-4E6C-A785-8AD3C10DA030}.Release|Any CPU.Build.0 = Release|Any CPU
		{824368DC-FE3C-4618-9FEA-B1B7F2281C32}.Debug|Any CPU.ActiveCfg = Debug|Any CPU
		{824368DC-FE3C-4618-9FEA-B1B7F2281C32}.Debug|Any CPU.Build.0 = Debug|Any CPU
		{824368DC-FE3C-4618-9FEA-B1B7F2281C32}.Release|Any CPU.ActiveCfg = Release|Any CPU
		{824368DC-FE3C-4618-9FEA-B1B7F2281C32}.Release|Any CPU.Build.0 = Release|Any CPU
	EndGlobalSection
	GlobalSection(SolutionProperties) = preSolution
		HideSolutionNode = FALSE
	EndGlobalSection
	GlobalSection(ExtensibilityGlobals) = postSolution
		SolutionGuid = {2950C449-0C59-45F1-B04D-4585B7FCEA1D}
	EndGlobalSection
EndGlobal
